# THIS IS AN AUTOGENERATED FILE. DO NOT EDIT THIS FILE DIRECTLY.
# yarn lockfile v1


"@tanstack/table-core@8.0.0-alpha.19":
  version "8.0.0-alpha.19"
  resolved "https://registry.yarnpkg.com/@tanstack/table-core/-/table-core-8.0.0-alpha.19.tgz#6c0a58b6d06b023350a0690d214fc36aee655139"
  integrity sha512-La2csflgGtyQIA9p3Bp7D3yZAAAa9BbGMUTTMlOyACu8jrXbQxauGfU+7irT/1p7Vaa9/NsjPFXHHxeF8n40PQ==
