# THIS IS AN AUTOGENERATED FILE. DO NOT EDIT THIS FILE DIRECTLY.
# yarn lockfile v1


"@ampproject/remapping@^2.2.0":
  version "2.2.1"
  resolved "https://registry.yarnpkg.com/@ampproject/remapping/-/remapping-2.2.1.tgz#99e8e11851128b8702cd57c33684f1d0f260b630"
  integrity sha512-lFMjJTrFL3j7L9yBxwYfCq2k6qqwHyzuUl/XBnif78PWTJYyL/dfowQHWE3sp6U6ZzqWiiIZnpTMO96zhkjwtg==
  dependencies:
    "@jridgewell/gen-mapping" "^0.3.0"
    "@jridgewell/trace-mapping" "^0.3.9"

"@babel/code-frame@^7.22.13":
  version "7.22.13"
  resolved "https://registry.yarnpkg.com/@babel/code-frame/-/code-frame-7.22.13.tgz#e3c1c099402598483b7a8c46a721d1038803755e"
  integrity sha512-XktuhWlJ5g+3TJXc5upd9Ks1HutSArik6jf2eAjYFyIOf4ej3RN+184cZbzDvbPnuTJIUhPKKJE3cIsYTiAT3w==
  dependencies:
    "@babel/highlight" "^7.22.13"
    chalk "^2.4.2"

"@babel/compat-data@^7.22.9":
  version "7.23.3"
  resolved "https://registry.yarnpkg.com/@babel/compat-data/-/compat-data-7.23.3.tgz#3febd552541e62b5e883a25eb3effd7c7379db11"
  integrity sha512-BmR4bWbDIoFJmJ9z2cZ8Gmm2MXgEDgjdWgpKmKWUt54UGFJdlj31ECtbaDvCG/qVdG3AQ1SfpZEs01lUFbzLOQ==

"@babel/core@^7.22.10":
  version "7.23.3"
  resolved "https://registry.yarnpkg.com/@babel/core/-/core-7.23.3.tgz#5ec09c8803b91f51cc887dedc2654a35852849c9"
  integrity sha512-Jg+msLuNuCJDyBvFv5+OKOUjWMZgd85bKjbICd3zWrKAo+bJ49HJufi7CQE0q0uR8NGyO6xkCACScNqyjHSZew==
  dependencies:
    "@ampproject/remapping" "^2.2.0"
    "@babel/code-frame" "^7.22.13"
    "@babel/generator" "^7.23.3"
    "@babel/helper-compilation-targets" "^7.22.15"
    "@babel/helper-module-transforms" "^7.23.3"
    "@babel/helpers" "^7.23.2"
    "@babel/parser" "^7.23.3"
    "@babel/template" "^7.22.15"
    "@babel/traverse" "^7.23.3"
    "@babel/types" "^7.23.3"
    convert-source-map "^2.0.0"
    debug "^4.1.0"
    gensync "^1.0.0-beta.2"
    json5 "^2.2.3"
    semver "^6.3.1"

"@babel/generator@^7.23.3":
  version "7.23.3"
  resolved "https://registry.yarnpkg.com/@babel/generator/-/generator-7.23.3.tgz#86e6e83d95903fbe7613f448613b8b319f330a8e"
  integrity sha512-keeZWAV4LU3tW0qRi19HRpabC/ilM0HRBBzf9/k8FFiG4KVpiv0FIy4hHfLfFQZNhziCTPTmd59zoyv6DNISzg==
  dependencies:
    "@babel/types" "^7.23.3"
    "@jridgewell/gen-mapping" "^0.3.2"
    "@jridgewell/trace-mapping" "^0.3.17"
    jsesc "^2.5.1"

"@babel/helper-annotate-as-pure@^7.22.5":
  version "7.22.5"
  resolved "https://registry.yarnpkg.com/@babel/helper-annotate-as-pure/-/helper-annotate-as-pure-7.22.5.tgz#e7f06737b197d580a01edf75d97e2c8be99d3882"
  integrity sha512-LvBTxu8bQSQkcyKOU+a1btnNFQ1dMAd0R6PyW3arXes06F6QLWLIrd681bxRPIXlrMGR3XYnW9JyML7dP3qgxg==
  dependencies:
    "@babel/types" "^7.22.5"

"@babel/helper-compilation-targets@^7.22.15":
  version "7.22.15"
  resolved "https://registry.yarnpkg.com/@babel/helper-compilation-targets/-/helper-compilation-targets-7.22.15.tgz#0698fc44551a26cf29f18d4662d5bf545a6cfc52"
  integrity sha512-y6EEzULok0Qvz8yyLkCvVX+02ic+By2UdOhylwUOvOn9dvYc9mKICJuuU1n1XBI02YWsNsnrY1kc6DVbjcXbtw==
  dependencies:
    "@babel/compat-data" "^7.22.9"
    "@babel/helper-validator-option" "^7.22.15"
    browserslist "^4.21.9"
    lru-cache "^5.1.1"
    semver "^6.3.1"

"@babel/helper-create-class-features-plugin@^7.22.15":
  version "7.22.15"
  resolved "https://registry.yarnpkg.com/@babel/helper-create-class-features-plugin/-/helper-create-class-features-plugin-7.22.15.tgz#97a61b385e57fe458496fad19f8e63b63c867de4"
  integrity sha512-jKkwA59IXcvSaiK2UN45kKwSC9o+KuoXsBDvHvU/7BecYIp8GQ2UwrVvFgJASUT+hBnwJx6MhvMCuMzwZZ7jlg==
  dependencies:
    "@babel/helper-annotate-as-pure" "^7.22.5"
    "@babel/helper-environment-visitor" "^7.22.5"
    "@babel/helper-function-name" "^7.22.5"
    "@babel/helper-member-expression-to-functions" "^7.22.15"
    "@babel/helper-optimise-call-expression" "^7.22.5"
    "@babel/helper-replace-supers" "^7.22.9"
    "@babel/helper-skip-transparent-expression-wrappers" "^7.22.5"
    "@babel/helper-split-export-declaration" "^7.22.6"
    semver "^6.3.1"

"@babel/helper-environment-visitor@^7.22.20", "@babel/helper-environment-visitor@^7.22.5":
  version "7.22.20"
  resolved "https://registry.yarnpkg.com/@babel/helper-environment-visitor/-/helper-environment-visitor-7.22.20.tgz#96159db61d34a29dba454c959f5ae4a649ba9167"
  integrity sha512-zfedSIzFhat/gFhWfHtgWvlec0nqB9YEIVrpuwjruLlXfUSnA8cJB0miHKwqDnQ7d32aKo2xt88/xZptwxbfhA==

"@babel/helper-function-name@^7.22.5", "@babel/helper-function-name@^7.23.0":
  version "7.23.0"
  resolved "https://registry.yarnpkg.com/@babel/helper-function-name/-/helper-function-name-7.23.0.tgz#1f9a3cdbd5b2698a670c30d2735f9af95ed52759"
  integrity sha512-OErEqsrxjZTJciZ4Oo+eoZqeW9UIiOcuYKRJA4ZAgV9myA+pOXhhmpfNCKjEH/auVfEYVFJ6y1Tc4r0eIApqiw==
  dependencies:
    "@babel/template" "^7.22.15"
    "@babel/types" "^7.23.0"

"@babel/helper-hoist-variables@^7.22.5":
  version "7.22.5"
  resolved "https://registry.yarnpkg.com/@babel/helper-hoist-variables/-/helper-hoist-variables-7.22.5.tgz#c01a007dac05c085914e8fb652b339db50d823bb"
  integrity sha512-wGjk9QZVzvknA6yKIUURb8zY3grXCcOZt+/7Wcy8O2uctxhplmUPkOdlgoNhmdVee2c92JXbf1xpMtVNbfoxRw==
  dependencies:
    "@babel/types" "^7.22.5"

"@babel/helper-member-expression-to-functions@^7.22.15":
  version "7.23.0"
  resolved "https://registry.yarnpkg.com/@babel/helper-member-expression-to-functions/-/helper-member-expression-to-functions-7.23.0.tgz#9263e88cc5e41d39ec18c9a3e0eced59a3e7d366"
  integrity sha512-6gfrPwh7OuT6gZyJZvd6WbTfrqAo7vm4xCzAXOusKqq/vWdKXphTpj5klHKNmRUU6/QRGlBsyU9mAIPaWHlqJA==
  dependencies:
    "@babel/types" "^7.23.0"

"@babel/helper-module-imports@^7.22.15", "@babel/helper-module-imports@^7.22.5":
  version "7.22.15"
  resolved "https://registry.yarnpkg.com/@babel/helper-module-imports/-/helper-module-imports-7.22.15.tgz#16146307acdc40cc00c3b2c647713076464bdbf0"
  integrity sha512-0pYVBnDKZO2fnSPCrgM/6WMc7eS20Fbok+0r88fp+YtWVLZrp4CkafFGIp+W0VKw4a22sgebPT99y+FDNMdP4w==
  dependencies:
    "@babel/types" "^7.22.15"

"@babel/helper-module-transforms@^7.23.3":
  version "7.23.3"
  resolved "https://registry.yarnpkg.com/@babel/helper-module-transforms/-/helper-module-transforms-7.23.3.tgz#d7d12c3c5d30af5b3c0fcab2a6d5217773e2d0f1"
  integrity sha512-7bBs4ED9OmswdfDzpz4MpWgSrV7FXlc3zIagvLFjS5H+Mk7Snr21vQ6QwrsoCGMfNC4e4LQPdoULEt4ykz0SRQ==
  dependencies:
    "@babel/helper-environment-visitor" "^7.22.20"
    "@babel/helper-module-imports" "^7.22.15"
    "@babel/helper-simple-access" "^7.22.5"
    "@babel/helper-split-export-declaration" "^7.22.6"
    "@babel/helper-validator-identifier" "^7.22.20"

"@babel/helper-optimise-call-expression@^7.22.5":
  version "7.22.5"
  resolved "https://registry.yarnpkg.com/@babel/helper-optimise-call-expression/-/helper-optimise-call-expression-7.22.5.tgz#f21531a9ccbff644fdd156b4077c16ff0c3f609e"
  integrity sha512-HBwaojN0xFRx4yIvpwGqxiV2tUfl7401jlok564NgB9EHS1y6QT17FmKWm4ztqjeVdXLuC4fSvHc5ePpQjoTbw==
  dependencies:
    "@babel/types" "^7.22.5"

"@babel/helper-plugin-utils@^7.22.5":
  version "7.22.5"
  resolved "https://registry.yarnpkg.com/@babel/helper-plugin-utils/-/helper-plugin-utils-7.22.5.tgz#dd7ee3735e8a313b9f7b05a773d892e88e6d7295"
  integrity sha512-uLls06UVKgFG9QD4OeFYLEGteMIAa5kpTPcFL28yuCIIzsf6ZyKZMllKVOCZFhiZ5ptnwX4mtKdWCBE/uT4amg==

"@babel/helper-replace-supers@^7.22.9":
  version "7.22.20"
  resolved "https://registry.yarnpkg.com/@babel/helper-replace-supers/-/helper-replace-supers-7.22.20.tgz#e37d367123ca98fe455a9887734ed2e16eb7a793"
  integrity sha512-qsW0In3dbwQUbK8kejJ4R7IHVGwHJlV6lpG6UA7a9hSa2YEiAib+N1T2kr6PEeUT+Fl7najmSOS6SmAwCHK6Tw==
  dependencies:
    "@babel/helper-environment-visitor" "^7.22.20"
    "@babel/helper-member-expression-to-functions" "^7.22.15"
    "@babel/helper-optimise-call-expression" "^7.22.5"

"@babel/helper-simple-access@^7.22.5":
  version "7.22.5"
  resolved "https://registry.yarnpkg.com/@babel/helper-simple-access/-/helper-simple-access-7.22.5.tgz#4938357dc7d782b80ed6dbb03a0fba3d22b1d5de"
  integrity sha512-n0H99E/K+Bika3++WNL17POvo4rKWZ7lZEp1Q+fStVbUi8nxPQEBOlTmCOxW/0JsS56SKKQ+ojAe2pHKJHN35w==
  dependencies:
    "@babel/types" "^7.22.5"

"@babel/helper-skip-transparent-expression-wrappers@^7.22.5":
  version "7.22.5"
  resolved "https://registry.yarnpkg.com/@babel/helper-skip-transparent-expression-wrappers/-/helper-skip-transparent-expression-wrappers-7.22.5.tgz#007f15240b5751c537c40e77abb4e89eeaaa8847"
  integrity sha512-tK14r66JZKiC43p8Ki33yLBVJKlQDFoA8GYN67lWCDCqoL6EMMSuM9b+Iff2jHaM/RRFYl7K+iiru7hbRqNx8Q==
  dependencies:
    "@babel/types" "^7.22.5"

"@babel/helper-split-export-declaration@^7.22.6":
  version "7.22.6"
  resolved "https://registry.yarnpkg.com/@babel/helper-split-export-declaration/-/helper-split-export-declaration-7.22.6.tgz#322c61b7310c0997fe4c323955667f18fcefb91c"
  integrity sha512-AsUnxuLhRYsisFiaJwvp1QF+I3KjD5FOxut14q/GzovUe6orHLesW2C7d754kRm53h5gqrz6sFl6sxc4BVtE/g==
  dependencies:
    "@babel/types" "^7.22.5"

"@babel/helper-string-parser@^7.22.5":
  version "7.22.5"
  resolved "https://registry.yarnpkg.com/@babel/helper-string-parser/-/helper-string-parser-7.22.5.tgz#533f36457a25814cf1df6488523ad547d784a99f"
  integrity sha512-mM4COjgZox8U+JcXQwPijIZLElkgEpO5rsERVDJTc2qfCDfERyob6k5WegS14SX18IIjv+XD+GrqNumY5JRCDw==

"@babel/helper-validator-identifier@^7.22.20":
  version "7.22.20"
  resolved "https://registry.yarnpkg.com/@babel/helper-validator-identifier/-/helper-validator-identifier-7.22.20.tgz#c4ae002c61d2879e724581d96665583dbc1dc0e0"
  integrity sha512-Y4OZ+ytlatR8AI+8KZfKuL5urKp7qey08ha31L8b3BwewJAoJamTzyvxPR/5D+KkdJCGPq/+8TukHBlY10FX9A==

"@babel/helper-validator-option@^7.22.15":
  version "7.22.15"
  resolved "https://registry.yarnpkg.com/@babel/helper-validator-option/-/helper-validator-option-7.22.15.tgz#694c30dfa1d09a6534cdfcafbe56789d36aba040"
  integrity sha512-bMn7RmyFjY/mdECUbgn9eoSY4vqvacUnS9i9vGAGttgFWesO6B4CYWA7XlpbWgBt71iv/hfbPlynohStqnu5hA==

"@babel/helpers@^7.23.2":
  version "7.23.2"
  resolved "https://registry.yarnpkg.com/@babel/helpers/-/helpers-7.23.2.tgz#2832549a6e37d484286e15ba36a5330483cac767"
  integrity sha512-lzchcp8SjTSVe/fPmLwtWVBFC7+Tbn8LGHDVfDp9JGxpAY5opSaEFgt8UQvrnECWOTdji2mOWMz1rOhkHscmGQ==
  dependencies:
    "@babel/template" "^7.22.15"
    "@babel/traverse" "^7.23.2"
    "@babel/types" "^7.23.0"

"@babel/highlight@^7.22.13":
  version "7.22.20"
  resolved "https://registry.yarnpkg.com/@babel/highlight/-/highlight-7.22.20.tgz#4ca92b71d80554b01427815e06f2df965b9c1f54"
  integrity sha512-dkdMCN3py0+ksCgYmGG8jKeGA/8Tk+gJwSYYlFGxG5lmhfKNoAy004YpLxpS1W2J8m/EK2Ew+yOs9pVRwO89mg==
  dependencies:
    "@babel/helper-validator-identifier" "^7.22.20"
    chalk "^2.4.2"
    js-tokens "^4.0.0"

"@babel/parser@^7.22.15", "@babel/parser@^7.23.0", "@babel/parser@^7.23.3":
  version "7.23.3"
  resolved "https://registry.yarnpkg.com/@babel/parser/-/parser-7.23.3.tgz#0ce0be31a4ca4f1884b5786057cadcb6c3be58f9"
  integrity sha512-uVsWNvlVsIninV2prNz/3lHCb+5CJ+e+IUBfbjToAHODtfGYLfCFuY4AU7TskI+dAKk+njsPiBjq1gKTvZOBaw==

"@babel/plugin-syntax-jsx@^7.22.5":
  version "7.23.3"
  resolved "https://registry.yarnpkg.com/@babel/plugin-syntax-jsx/-/plugin-syntax-jsx-7.23.3.tgz#8f2e4f8a9b5f9aa16067e142c1ac9cd9f810f473"
  integrity sha512-EB2MELswq55OHUoRZLGg/zC7QWUKfNLpE57m/S2yr1uEneIgsTgrSzXP3NXEsMkVn76OlaVVnzN+ugObuYGwhg==
  dependencies:
    "@babel/helper-plugin-utils" "^7.22.5"

"@babel/plugin-syntax-typescript@^7.23.3":
  version "7.23.3"
  resolved "https://registry.yarnpkg.com/@babel/plugin-syntax-typescript/-/plugin-syntax-typescript-7.23.3.tgz#24f460c85dbbc983cd2b9c4994178bcc01df958f"
  integrity sha512-9EiNjVJOMwCO+43TqoTrgQ8jMwcAd0sWyXi9RPfIsLTj4R2MADDDQXELhffaUx/uJv2AYcxBgPwH6j4TIA4ytQ==
  dependencies:
    "@babel/helper-plugin-utils" "^7.22.5"

"@babel/plugin-transform-typescript@^7.22.10":
  version "7.23.3"
  resolved "https://registry.yarnpkg.com/@babel/plugin-transform-typescript/-/plugin-transform-typescript-7.23.3.tgz#ce806e6cb485d468c48c4f717696719678ab0138"
  integrity sha512-ogV0yWnq38CFwH20l2Afz0dfKuZBx9o/Y2Rmh5vuSS0YD1hswgEgTfyTzuSrT2q9btmHRSqYoSfwFUVaC1M1Jw==
  dependencies:
    "@babel/helper-annotate-as-pure" "^7.22.5"
    "@babel/helper-create-class-features-plugin" "^7.22.15"
    "@babel/helper-plugin-utils" "^7.22.5"
    "@babel/plugin-syntax-typescript" "^7.23.3"

"@babel/template@^7.22.15", "@babel/template@^7.22.5":
  version "7.22.15"
  resolved "https://registry.yarnpkg.com/@babel/template/-/template-7.22.15.tgz#09576efc3830f0430f4548ef971dde1350ef2f38"
  integrity sha512-QPErUVm4uyJa60rkI73qneDacvdvzxshT3kksGqlGWYdOTIUOwJ7RDUL8sGqslY1uXWSL6xMFKEXDS3ox2uF0w==
  dependencies:
    "@babel/code-frame" "^7.22.13"
    "@babel/parser" "^7.22.15"
    "@babel/types" "^7.22.15"

"@babel/traverse@^7.22.5", "@babel/traverse@^7.23.2", "@babel/traverse@^7.23.3":
  version "7.23.3"
  resolved "https://registry.yarnpkg.com/@babel/traverse/-/traverse-7.23.3.tgz#26ee5f252e725aa7aca3474aa5b324eaf7908b5b"
  integrity sha512-+K0yF1/9yR0oHdE0StHuEj3uTPzwwbrLGfNOndVJVV2TqA5+j3oljJUb4nmB954FLGjNem976+B+eDuLIjesiQ==
  dependencies:
    "@babel/code-frame" "^7.22.13"
    "@babel/generator" "^7.23.3"
    "@babel/helper-environment-visitor" "^7.22.20"
    "@babel/helper-function-name" "^7.23.0"
    "@babel/helper-hoist-variables" "^7.22.5"
    "@babel/helper-split-export-declaration" "^7.22.6"
    "@babel/parser" "^7.23.3"
    "@babel/types" "^7.23.3"
    debug "^4.1.0"
    globals "^11.1.0"

"@babel/types@^7.22.15", "@babel/types@^7.22.5", "@babel/types@^7.23.0", "@babel/types@^7.23.3":
  version "7.23.3"
  resolved "https://registry.yarnpkg.com/@babel/types/-/types-7.23.3.tgz#d5ea892c07f2ec371ac704420f4dcdb07b5f9598"
  integrity sha512-OZnvoH2l8PK5eUvEcUyCt/sXgr/h+UWpVuBbOljwcrAgUl6lpchoQ++PHGyQy1AtYnVA6CEq3y5xeEI10brpXw==
  dependencies:
    "@babel/helper-string-parser" "^7.22.5"
    "@babel/helper-validator-identifier" "^7.22.20"
    to-fast-properties "^2.0.0"

"@esbuild/android-arm64@0.18.20":
  version "0.18.20"
  resolved "https://registry.yarnpkg.com/@esbuild/android-arm64/-/android-arm64-0.18.20.tgz#984b4f9c8d0377443cc2dfcef266d02244593622"
  integrity sha512-Nz4rJcchGDtENV0eMKUNa6L12zz2zBDXuhj/Vjh18zGqB44Bi7MBMSXjgunJgjRhCmKOjnPuZp4Mb6OKqtMHLQ==

"@esbuild/android-arm@0.18.20":
  version "0.18.20"
  resolved "https://registry.yarnpkg.com/@esbuild/android-arm/-/android-arm-0.18.20.tgz#fedb265bc3a589c84cc11f810804f234947c3682"
  integrity sha512-fyi7TDI/ijKKNZTUJAQqiG5T7YjJXgnzkURqmGj13C6dCqckZBLdl4h7bkhHt/t0WP+zO9/zwroDvANaOqO5Sw==

"@esbuild/android-x64@0.18.20":
  version "0.18.20"
  resolved "https://registry.yarnpkg.com/@esbuild/android-x64/-/android-x64-0.18.20.tgz#35cf419c4cfc8babe8893d296cd990e9e9f756f2"
  integrity sha512-8GDdlePJA8D6zlZYJV/jnrRAi6rOiNaCC/JclcXpB+KIuvfBN4owLtgzY2bsxnx666XjJx2kDPUmnTtR8qKQUg==

"@esbuild/darwin-arm64@0.18.20":
  version "0.18.20"
  resolved "https://registry.yarnpkg.com/@esbuild/darwin-arm64/-/darwin-arm64-0.18.20.tgz#08172cbeccf95fbc383399a7f39cfbddaeb0d7c1"
  integrity sha512-bxRHW5kHU38zS2lPTPOyuyTm+S+eobPUnTNkdJEfAddYgEcll4xkT8DB9d2008DtTbl7uJag2HuE5NZAZgnNEA==

"@esbuild/darwin-x64@0.18.20":
  version "0.18.20"
  resolved "https://registry.yarnpkg.com/@esbuild/darwin-x64/-/darwin-x64-0.18.20.tgz#d70d5790d8bf475556b67d0f8b7c5bdff053d85d"
  integrity sha512-pc5gxlMDxzm513qPGbCbDukOdsGtKhfxD1zJKXjCCcU7ju50O7MeAZ8c4krSJcOIJGFR+qx21yMMVYwiQvyTyQ==

"@esbuild/freebsd-arm64@0.18.20":
  version "0.18.20"
  resolved "https://registry.yarnpkg.com/@esbuild/freebsd-arm64/-/freebsd-arm64-0.18.20.tgz#98755cd12707f93f210e2494d6a4b51b96977f54"
  integrity sha512-yqDQHy4QHevpMAaxhhIwYPMv1NECwOvIpGCZkECn8w2WFHXjEwrBn3CeNIYsibZ/iZEUemj++M26W3cNR5h+Tw==

"@esbuild/freebsd-x64@0.18.20":
  version "0.18.20"
  resolved "https://registry.yarnpkg.com/@esbuild/freebsd-x64/-/freebsd-x64-0.18.20.tgz#c1eb2bff03915f87c29cece4c1a7fa1f423b066e"
  integrity sha512-tgWRPPuQsd3RmBZwarGVHZQvtzfEBOreNuxEMKFcd5DaDn2PbBxfwLcj4+aenoh7ctXcbXmOQIn8HI6mCSw5MQ==

"@esbuild/linux-arm64@0.18.20":
  version "0.18.20"
  resolved "https://registry.yarnpkg.com/@esbuild/linux-arm64/-/linux-arm64-0.18.20.tgz#bad4238bd8f4fc25b5a021280c770ab5fc3a02a0"
  integrity sha512-2YbscF+UL7SQAVIpnWvYwM+3LskyDmPhe31pE7/aoTMFKKzIc9lLbyGUpmmb8a8AixOL61sQ/mFh3jEjHYFvdA==

"@esbuild/linux-arm@0.18.20":
  version "0.18.20"
  resolved "https://registry.yarnpkg.com/@esbuild/linux-arm/-/linux-arm-0.18.20.tgz#3e617c61f33508a27150ee417543c8ab5acc73b0"
  integrity sha512-/5bHkMWnq1EgKr1V+Ybz3s1hWXok7mDFUMQ4cG10AfW3wL02PSZi5kFpYKrptDsgb2WAJIvRcDm+qIvXf/apvg==

"@esbuild/linux-ia32@0.18.20":
  version "0.18.20"
  resolved "https://registry.yarnpkg.com/@esbuild/linux-ia32/-/linux-ia32-0.18.20.tgz#699391cccba9aee6019b7f9892eb99219f1570a7"
  integrity sha512-P4etWwq6IsReT0E1KHU40bOnzMHoH73aXp96Fs8TIT6z9Hu8G6+0SHSw9i2isWrD2nbx2qo5yUqACgdfVGx7TA==

"@esbuild/linux-loong64@0.18.20":
  version "0.18.20"
  resolved "https://registry.yarnpkg.com/@esbuild/linux-loong64/-/linux-loong64-0.18.20.tgz#e6fccb7aac178dd2ffb9860465ac89d7f23b977d"
  integrity sha512-nXW8nqBTrOpDLPgPY9uV+/1DjxoQ7DoB2N8eocyq8I9XuqJ7BiAMDMf9n1xZM9TgW0J8zrquIb/A7s3BJv7rjg==

"@esbuild/linux-mips64el@0.18.20":
  version "0.18.20"
  resolved "https://registry.yarnpkg.com/@esbuild/linux-mips64el/-/linux-mips64el-0.18.20.tgz#eeff3a937de9c2310de30622a957ad1bd9183231"
  integrity sha512-d5NeaXZcHp8PzYy5VnXV3VSd2D328Zb+9dEq5HE6bw6+N86JVPExrA6O68OPwobntbNJ0pzCpUFZTo3w0GyetQ==

"@esbuild/linux-ppc64@0.18.20":
  version "0.18.20"
  resolved "https://registry.yarnpkg.com/@esbuild/linux-ppc64/-/linux-ppc64-0.18.20.tgz#2f7156bde20b01527993e6881435ad79ba9599fb"
  integrity sha512-WHPyeScRNcmANnLQkq6AfyXRFr5D6N2sKgkFo2FqguP44Nw2eyDlbTdZwd9GYk98DZG9QItIiTlFLHJHjxP3FA==

"@esbuild/linux-riscv64@0.18.20":
  version "0.18.20"
  resolved "https://registry.yarnpkg.com/@esbuild/linux-riscv64/-/linux-riscv64-0.18.20.tgz#6628389f210123d8b4743045af8caa7d4ddfc7a6"
  integrity sha512-WSxo6h5ecI5XH34KC7w5veNnKkju3zBRLEQNY7mv5mtBmrP/MjNBCAlsM2u5hDBlS3NGcTQpoBvRzqBcRtpq1A==

"@esbuild/linux-s390x@0.18.20":
  version "0.18.20"
  resolved "https://registry.yarnpkg.com/@esbuild/linux-s390x/-/linux-s390x-0.18.20.tgz#255e81fb289b101026131858ab99fba63dcf0071"
  integrity sha512-+8231GMs3mAEth6Ja1iK0a1sQ3ohfcpzpRLH8uuc5/KVDFneH6jtAJLFGafpzpMRO6DzJ6AvXKze9LfFMrIHVQ==

"@esbuild/linux-x64@0.18.20":
  version "0.18.20"
  resolved "https://registry.yarnpkg.com/@esbuild/linux-x64/-/linux-x64-0.18.20.tgz#c7690b3417af318a9b6f96df3031a8865176d338"
  integrity sha512-UYqiqemphJcNsFEskc73jQ7B9jgwjWrSayxawS6UVFZGWrAAtkzjxSqnoclCXxWtfwLdzU+vTpcNYhpn43uP1w==

"@esbuild/netbsd-x64@0.18.20":
  version "0.18.20"
  resolved "https://registry.yarnpkg.com/@esbuild/netbsd-x64/-/netbsd-x64-0.18.20.tgz#30e8cd8a3dded63975e2df2438ca109601ebe0d1"
  integrity sha512-iO1c++VP6xUBUmltHZoMtCUdPlnPGdBom6IrO4gyKPFFVBKioIImVooR5I83nTew5UOYrk3gIJhbZh8X44y06A==

"@esbuild/openbsd-x64@0.18.20":
  version "0.18.20"
  resolved "https://registry.yarnpkg.com/@esbuild/openbsd-x64/-/openbsd-x64-0.18.20.tgz#7812af31b205055874c8082ea9cf9ab0da6217ae"
  integrity sha512-e5e4YSsuQfX4cxcygw/UCPIEP6wbIL+se3sxPdCiMbFLBWu0eiZOJ7WoD+ptCLrmjZBK1Wk7I6D/I3NglUGOxg==

"@esbuild/sunos-x64@0.18.20":
  version "0.18.20"
  resolved "https://registry.yarnpkg.com/@esbuild/sunos-x64/-/sunos-x64-0.18.20.tgz#d5c275c3b4e73c9b0ecd38d1ca62c020f887ab9d"
  integrity sha512-kDbFRFp0YpTQVVrqUd5FTYmWo45zGaXe0X8E1G/LKFC0v8x0vWrhOWSLITcCn63lmZIxfOMXtCfti/RxN/0wnQ==

"@esbuild/win32-arm64@0.18.20":
  version "0.18.20"
  resolved "https://registry.yarnpkg.com/@esbuild/win32-arm64/-/win32-arm64-0.18.20.tgz#73bc7f5a9f8a77805f357fab97f290d0e4820ac9"
  integrity sha512-ddYFR6ItYgoaq4v4JmQQaAI5s7npztfV4Ag6NrhiaW0RrnOXqBkgwZLofVTlq1daVTQNhtI5oieTvkRPfZrePg==

"@esbuild/win32-ia32@0.18.20":
  version "0.18.20"
  resolved "https://registry.yarnpkg.com/@esbuild/win32-ia32/-/win32-ia32-0.18.20.tgz#ec93cbf0ef1085cc12e71e0d661d20569ff42102"
  integrity sha512-Wv7QBi3ID/rROT08SABTS7eV4hX26sVduqDOTe1MvGMjNd3EjOz4b7zeexIR62GTIEKrfJXKL9LFxTYgkyeu7g==

"@esbuild/win32-x64@0.18.20":
  version "0.18.20"
  resolved "https://registry.yarnpkg.com/@esbuild/win32-x64/-/win32-x64-0.18.20.tgz#786c5f41f043b07afb1af37683d7c33668858f6d"
  integrity sha512-kTdfRcSiDfQca/y9QIkng02avJ+NCaQvrMejlsB3RRv5sE9rRoeBPISaZpKxHELzRxZyLvNts1P27W3wV+8geQ==

"@jridgewell/gen-mapping@^0.3.0", "@jridgewell/gen-mapping@^0.3.2":
  version "0.3.3"
  resolved "https://registry.yarnpkg.com/@jridgewell/gen-mapping/-/gen-mapping-0.3.3.tgz#7e02e6eb5df901aaedb08514203b096614024098"
  integrity sha512-HLhSWOLRi875zjjMG/r+Nv0oCW8umGb0BgEhyX3dDX3egwZtB8PqLnjz3yedt8R5StBrzcg4aBpnh8UA9D1BoQ==
  dependencies:
    "@jridgewell/set-array" "^1.0.1"
    "@jridgewell/sourcemap-codec" "^1.4.10"
    "@jridgewell/trace-mapping" "^0.3.9"

"@jridgewell/resolve-uri@^3.1.0":
  version "3.1.1"
  resolved "https://registry.yarnpkg.com/@jridgewell/resolve-uri/-/resolve-uri-3.1.1.tgz#c08679063f279615a3326583ba3a90d1d82cc721"
  integrity sha512-dSYZh7HhCDtCKm4QakX0xFpsRDqjjtZf/kjI/v3T3Nwt5r8/qz/M19F9ySyOqU94SXBmeG9ttTul+YnR4LOxFA==

"@jridgewell/set-array@^1.0.1":
  version "1.1.2"
  resolved "https://registry.yarnpkg.com/@jridgewell/set-array/-/set-array-1.1.2.tgz#7c6cf998d6d20b914c0a55a91ae928ff25965e72"
  integrity sha512-xnkseuNADM0gt2bs+BvhO0p78Mk762YnZdsuzFV018NoG1Sj1SCQvpSqa7XUaTam5vAGasABV9qXASMKnFMwMw==

"@jridgewell/sourcemap-codec@^1.4.10", "@jridgewell/sourcemap-codec@^1.4.14", "@jridgewell/sourcemap-codec@^1.4.15":
  version "1.4.15"
  resolved "https://registry.yarnpkg.com/@jridgewell/sourcemap-codec/-/sourcemap-codec-1.4.15.tgz#d7c6e6755c78567a951e04ab52ef0fd26de59f32"
  integrity sha512-eF2rxCRulEKXHTRiDrDy6erMYWqNw4LPdQ8UQA4huuxaQsVeRPFl2oM8oDGxMFhJUWZf9McpLtJasDDZb/Bpeg==

"@jridgewell/trace-mapping@^0.3.17", "@jridgewell/trace-mapping@^0.3.9":
  version "0.3.20"
  resolved "https://registry.yarnpkg.com/@jridgewell/trace-mapping/-/trace-mapping-0.3.20.tgz#72e45707cf240fa6b081d0366f8265b0cd10197f"
  integrity sha512-R8LcPeWZol2zR8mmH3JeKQ6QRCFb7XgUhV9ZlGhHLGyg4wpPiPZNQOOWhFZhxKw8u//yTbNGI42Bx/3paXEQ+Q==
  dependencies:
    "@jridgewell/resolve-uri" "^3.1.0"
    "@jridgewell/sourcemap-codec" "^1.4.14"

"@tanstack/table-core@8.10.7":
  version "8.10.7"
  resolved "https://registry.yarnpkg.com/@tanstack/table-core/-/table-core-8.10.7.tgz#577e8a635048875de4c9d6d6a3c21d26ff9f9d08"
  integrity sha512-KQk5OMg5OH6rmbHZxuNROvdI+hKDIUxANaHlV+dPlNN7ED3qYQ/WkpY2qlXww1SIdeMlkIhpN/2L00rof0fXFw==

"@tanstack/vue-table@8.10.7":
  version "8.10.7"
  resolved "https://registry.yarnpkg.com/@tanstack/vue-table/-/vue-table-8.10.7.tgz#38a26e6e4c7b69632ff09b0751cad0e08060b9ef"
  integrity sha512-13tTANgJuJHVW73rPLI+qrZVhrd9Yqxjys6t/Uor0qR0oS8Xk9xJE9WHqvaGsgVNBsIs9dE53S5GEBZqGC3FUw==
  dependencies:
    "@tanstack/table-core" "8.10.7"

"@types/node@^16.11.27":
  version "16.18.61"
  resolved "https://registry.yarnpkg.com/@types/node/-/node-16.18.61.tgz#5ea47e3018348bf3bbbe646b396ba5e720310be1"
  integrity sha512-k0N7BqGhJoJzdh6MuQg1V1ragJiXTh8VUBAZTWjJ9cUq23SG0F0xavOwZbhiP4J3y20xd6jxKx+xNUhkMAi76Q==

"@vitejs/plugin-vue-jsx@^3.0.2":
  version "3.0.2"
  resolved "https://registry.yarnpkg.com/@vitejs/plugin-vue-jsx/-/plugin-vue-jsx-3.0.2.tgz#f071274f78ea8132c6731986893b7c5c5231af24"
  integrity sha512-obF26P2Z4Ogy3cPp07B4VaW6rpiu0ue4OT2Y15UxT5BZZ76haUY9guOsZV3uWh/I6xc+VeiW+ZVabRE82FyzWw==
  dependencies:
    "@babel/core" "^7.22.10"
    "@babel/plugin-transform-typescript" "^7.22.10"
    "@vue/babel-plugin-jsx" "^1.1.5"

"@vitejs/plugin-vue@^4.4.0":
  version "4.4.1"
  resolved "https://registry.yarnpkg.com/@vitejs/plugin-vue/-/plugin-vue-4.4.1.tgz#5050895fb8b2258d2f228110849df4a8a94b9038"
  integrity sha512-HCQG8VDFDM7YDAdcj5QI5DvUi+r6xvo9LgvYdk7LSkUNwdpempdB5horkMSZsbdey9Ywsf5aaU8kEPw9M5kREA==

"@volar/language-core@1.10.10", "@volar/language-core@~1.10.5":
  version "1.10.10"
  resolved "https://registry.yarnpkg.com/@volar/language-core/-/language-core-1.10.10.tgz#9c240a36dd4007b9c4f00739f6cecb81da54a49e"
  integrity sha512-nsV1o3AZ5n5jaEAObrS3MWLBWaGwUj/vAsc15FVNIv+DbpizQRISg9wzygsHBr56ELRH8r4K75vkYNMtsSNNWw==
  dependencies:
    "@volar/source-map" "1.10.10"

"@volar/source-map@1.10.10", "@volar/source-map@~1.10.5":
  version "1.10.10"
  resolved "https://registry.yarnpkg.com/@volar/source-map/-/source-map-1.10.10.tgz#ec807fe60b8afe29e19bf6d1c90d2e76502df541"
  integrity sha512-GVKjLnifV4voJ9F0vhP56p4+F3WGf+gXlRtjFZsv6v3WxBTWU3ZVeaRaEHJmWrcv5LXmoYYpk/SC25BKemPRkg==
  dependencies:
    muggle-string "^0.3.1"

"@volar/typescript@~1.10.5":
  version "1.10.10"
  resolved "https://registry.yarnpkg.com/@volar/typescript/-/typescript-1.10.10.tgz#1f88202c63988ddfcee154a93050312041b83329"
  integrity sha512-4a2r5bdUub2m+mYVnLu2wt59fuoYWe7nf0uXtGHU8QQ5LDNfzAR0wK7NgDiQ9rcl2WT3fxT2AA9AylAwFtj50A==
  dependencies:
    "@volar/language-core" "1.10.10"
    path-browserify "^1.0.1"

"@vue/babel-helper-vue-transform-on@^1.1.5":
  version "1.1.5"
  resolved "https://registry.yarnpkg.com/@vue/babel-helper-vue-transform-on/-/babel-helper-vue-transform-on-1.1.5.tgz#a976486b21e108e545524fe41ffe3fc9bbc28c7f"
  integrity sha512-SgUymFpMoAyWeYWLAY+MkCK3QEROsiUnfaw5zxOVD/M64KQs8D/4oK6Q5omVA2hnvEOE0SCkH2TZxs/jnnUj7w==

"@vue/babel-plugin-jsx@^1.1.5":
  version "1.1.5"
  resolved "https://registry.yarnpkg.com/@vue/babel-plugin-jsx/-/babel-plugin-jsx-1.1.5.tgz#5088bae7dbb83531d94df3742ff650c12fd54973"
  integrity sha512-nKs1/Bg9U1n3qSWnsHhCVQtAzI6aQXqua8j/bZrau8ywT1ilXQbK4FwEJGmU8fV7tcpuFvWmmN7TMmV1OBma1g==
  dependencies:
    "@babel/helper-module-imports" "^7.22.5"
    "@babel/plugin-syntax-jsx" "^7.22.5"
    "@babel/template" "^7.22.5"
    "@babel/traverse" "^7.22.5"
    "@babel/types" "^7.22.5"
    "@vue/babel-helper-vue-transform-on" "^1.1.5"
    camelcase "^6.3.0"
    html-tags "^3.3.1"
    svg-tags "^1.0.0"

"@vue/compiler-core@3.3.8":
  version "3.3.8"
  resolved "https://registry.yarnpkg.com/@vue/compiler-core/-/compiler-core-3.3.8.tgz#301bb60d0245265a88ed5b30e200fbf223acb313"
  integrity sha512-hN/NNBUECw8SusQvDSqqcVv6gWq8L6iAktUR0UF3vGu2OhzRqcOiAno0FmBJWwxhYEXRlQJT5XnoKsVq1WZx4g==
  dependencies:
    "@babel/parser" "^7.23.0"
    "@vue/shared" "3.3.8"
    estree-walker "^2.0.2"
    source-map-js "^1.0.2"

"@vue/compiler-dom@3.3.8", "@vue/compiler-dom@^3.3.0":
  version "3.3.8"
  resolved "https://registry.yarnpkg.com/@vue/compiler-dom/-/compiler-dom-3.3.8.tgz#09d832514b9b8d9415a3816b065d69dbefcc7e9b"
  integrity sha512-+PPtv+p/nWDd0AvJu3w8HS0RIm/C6VGBIRe24b9hSyNWOAPEUosFZ5diwawwP8ip5sJ8n0Pe87TNNNHnvjs0FQ==
  dependencies:
    "@vue/compiler-core" "3.3.8"
    "@vue/shared" "3.3.8"

"@vue/compiler-sfc@3.3.8":
  version "3.3.8"
  resolved "https://registry.yarnpkg.com/@vue/compiler-sfc/-/compiler-sfc-3.3.8.tgz#40b18e48aa00260950964d1d72157668521be0e1"
  integrity sha512-WMzbUrlTjfYF8joyT84HfwwXo+8WPALuPxhy+BZ6R4Aafls+jDBnSz8PDz60uFhuqFbl3HxRfxvDzrUf3THwpA==
  dependencies:
    "@babel/parser" "^7.23.0"
    "@vue/compiler-core" "3.3.8"
    "@vue/compiler-dom" "3.3.8"
    "@vue/compiler-ssr" "3.3.8"
    "@vue/reactivity-transform" "3.3.8"
    "@vue/shared" "3.3.8"
    estree-walker "^2.0.2"
    magic-string "^0.30.5"
    postcss "^8.4.31"
    source-map-js "^1.0.2"

"@vue/compiler-ssr@3.3.8":
  version "3.3.8"
  resolved "https://registry.yarnpkg.com/@vue/compiler-ssr/-/compiler-ssr-3.3.8.tgz#136eed54411e4694815d961048a237191063fbce"
  integrity sha512-hXCqQL/15kMVDBuoBYpUnSYT8doDNwsjvm3jTefnXr+ytn294ySnT8NlsFHmTgKNjwpuFy7XVV8yTeLtNl/P6w==
  dependencies:
    "@vue/compiler-dom" "3.3.8"
    "@vue/shared" "3.3.8"

"@vue/language-core@1.8.22":
  version "1.8.22"
  resolved "https://registry.yarnpkg.com/@vue/language-core/-/language-core-1.8.22.tgz#1ef62645fb9b1f830c6c84a5586e49e74727b1e3"
  integrity sha512-bsMoJzCrXZqGsxawtUea1cLjUT9dZnDsy5TuZ+l1fxRMzUGQUG9+Ypq4w//CqpWmrx7nIAJpw2JVF/t258miRw==
  dependencies:
    "@volar/language-core" "~1.10.5"
    "@volar/source-map" "~1.10.5"
    "@vue/compiler-dom" "^3.3.0"
    "@vue/shared" "^3.3.0"
    computeds "^0.0.1"
    minimatch "^9.0.3"
    muggle-string "^0.3.1"
    vue-template-compiler "^2.7.14"

"@vue/reactivity-transform@3.3.8":
  version "3.3.8"
  resolved "https://registry.yarnpkg.com/@vue/reactivity-transform/-/reactivity-transform-3.3.8.tgz#6d07649013b0be5c670f0ab6cc7ddd3150ad03f2"
  integrity sha512-49CvBzmZNtcHua0XJ7GdGifM8GOXoUMOX4dD40Y5DxI3R8OUhMlvf2nvgUAcPxaXiV5MQQ1Nwy09ADpnLQUqRw==
  dependencies:
    "@babel/parser" "^7.23.0"
    "@vue/compiler-core" "3.3.8"
    "@vue/shared" "3.3.8"
    estree-walker "^2.0.2"
    magic-string "^0.30.5"

"@vue/reactivity@3.3.8":
  version "3.3.8"
  resolved "https://registry.yarnpkg.com/@vue/reactivity/-/reactivity-3.3.8.tgz#cce8a03a3fd3539c3eeda53e277ba365d160dd4d"
  integrity sha512-ctLWitmFBu6mtddPyOKpHg8+5ahouoTCRtmAHZAXmolDtuZXfjL2T3OJ6DL6ezBPQB1SmMnpzjiWjCiMYmpIuw==
  dependencies:
    "@vue/shared" "3.3.8"

"@vue/runtime-core@3.3.8":
  version "3.3.8"
  resolved "https://registry.yarnpkg.com/@vue/runtime-core/-/runtime-core-3.3.8.tgz#fba5a632cbf2b5d29e171489570149cb6975dcdb"
  integrity sha512-qurzOlb6q26KWQ/8IShHkMDOuJkQnQcTIp1sdP4I9MbCf9FJeGVRXJFr2mF+6bXh/3Zjr9TDgURXrsCr9bfjUw==
  dependencies:
    "@vue/reactivity" "3.3.8"
    "@vue/shared" "3.3.8"

"@vue/runtime-dom@3.3.8":
  version "3.3.8"
  resolved "https://registry.yarnpkg.com/@vue/runtime-dom/-/runtime-dom-3.3.8.tgz#e2d7aa795cf50914dda9a951887765a594b38af4"
  integrity sha512-Noy5yM5UIf9UeFoowBVgghyGGPIDPy1Qlqt0yVsUdAVbqI8eeMSsTqBtauaEoT2UFXUk5S64aWVNJN4MJ2vRdA==
  dependencies:
    "@vue/runtime-core" "3.3.8"
    "@vue/shared" "3.3.8"
    csstype "^3.1.2"

"@vue/server-renderer@3.3.8":
  version "3.3.8"
  resolved "https://registry.yarnpkg.com/@vue/server-renderer/-/server-renderer-3.3.8.tgz#9b1779010e75783edeed8fcfb97d9c95fc3ac5d2"
  integrity sha512-zVCUw7RFskvPuNlPn/8xISbrf0zTWsTSdYTsUTN1ERGGZGVnRxM2QZ3x1OR32+vwkkCm0IW6HmJ49IsPm7ilLg==
  dependencies:
    "@vue/compiler-ssr" "3.3.8"
    "@vue/shared" "3.3.8"

"@vue/shared@3.3.8", "@vue/shared@^3.3.0":
  version "3.3.8"
  resolved "https://registry.yarnpkg.com/@vue/shared/-/shared-3.3.8.tgz#f044942142e1d3a395f24132e6203a784838542d"
  integrity sha512-8PGwybFwM4x8pcfgqEQFy70NaQxASvOC5DJwLQfpArw1UDfUXrJkdxD3BhVTMS+0Lef/TU7YO0Jvr0jJY8T+mw==

ansi-styles@^3.2.1:
  version "3.2.1"
  resolved "https://registry.yarnpkg.com/ansi-styles/-/ansi-styles-3.2.1.tgz#41fbb20243e50b12be0f04b8dedbf07520ce841d"
  integrity sha512-VT0ZI6kZRdTh8YyJw3SMbYm/u+NqfsAxEpWO0Pf9sq8/e94WxxOpPKx9FR1FlyCtOVDNOQ+8ntlqFxiRc+r5qA==
  dependencies:
    color-convert "^1.9.0"

balanced-match@^1.0.0:
  version "1.0.2"
  resolved "https://registry.yarnpkg.com/balanced-match/-/balanced-match-1.0.2.tgz#e83e3a7e3f300b34cb9d87f615fa0cbf357690ee"
  integrity sha512-3oSeUO0TMV67hN1AmbXsK4yaqU7tjiHlbxRDZOpH0KW9+CeX4bRAaX0Anxt0tx2MrpRpWwQaPwIlISEJhYU5Pw==

brace-expansion@^2.0.1:
  version "2.0.1"
  resolved "https://registry.yarnpkg.com/brace-expansion/-/brace-expansion-2.0.1.tgz#1edc459e0f0c548486ecf9fc99f2221364b9a0ae"
  integrity sha512-XnAIvQ8eM+kC6aULx6wuQiwVsnzsi9d3WxzV3FpWTGA19F621kwdbsAcFKXgKUHZWsy+mY6iL1sHTxWEFCytDA==
  dependencies:
    balanced-match "^1.0.0"

browserslist@^4.21.9:
  version "4.22.1"
  resolved "https://registry.yarnpkg.com/browserslist/-/browserslist-4.22.1.tgz#ba91958d1a59b87dab6fed8dfbcb3da5e2e9c619"
  integrity sha512-FEVc202+2iuClEhZhrWy6ZiAcRLvNMyYcxZ8raemul1DYVOVdFsbqckWLdsixQZCpJlwe77Z3UTalE7jsjnKfQ==
  dependencies:
    caniuse-lite "^1.0.30001541"
    electron-to-chromium "^1.4.535"
    node-releases "^2.0.13"
    update-browserslist-db "^1.0.13"

camelcase@^6.3.0:
  version "6.3.0"
  resolved "https://registry.yarnpkg.com/camelcase/-/camelcase-6.3.0.tgz#5685b95eb209ac9c0c177467778c9c84df58ba9a"
  integrity sha512-Gmy6FhYlCY7uOElZUSbxo2UCDH8owEk996gkbrpsgGtrJLM3J7jGxl9Ic7Qwwj4ivOE5AWZWRMecDdF7hqGjFA==

caniuse-lite@^1.0.30001541:
  version "1.0.30001561"
  resolved "https://registry.yarnpkg.com/caniuse-lite/-/caniuse-lite-1.0.30001561.tgz#752f21f56f96f1b1a52e97aae98c57c562d5d9da"
  integrity sha512-NTt0DNoKe958Q0BE0j0c1V9jbUzhBxHIEJy7asmGrpE0yG63KTV7PLHPnK2E1O9RsQrQ081I3NLuXGS6zht3cw==

chalk@^2.4.2:
  version "2.4.2"
  resolved "https://registry.yarnpkg.com/chalk/-/chalk-2.4.2.tgz#cd42541677a54333cf541a49108c1432b44c9424"
  integrity sha512-Mti+f9lpJNcwF4tWV8/OrTTtF1gZi+f8FqlyAdouralcFWFQWF2+NgCHShjkCb+IFBLq9buZwE1xckQU4peSuQ==
  dependencies:
    ansi-styles "^3.2.1"
    escape-string-regexp "^1.0.5"
    supports-color "^5.3.0"

color-convert@^1.9.0:
  version "1.9.3"
  resolved "https://registry.yarnpkg.com/color-convert/-/color-convert-1.9.3.tgz#bb71850690e1f136567de629d2d5471deda4c1e8"
  integrity sha512-QfAUtd+vFdAtFQcC8CCyYt1fYWxSqAiK2cSD6zDB8N3cpsEBAvRxp9zOGg6G/SHHJYAT88/az/IuDGALsNVbGg==
  dependencies:
    color-name "1.1.3"

color-name@1.1.3:
  version "1.1.3"
  resolved "https://registry.yarnpkg.com/color-name/-/color-name-1.1.3.tgz#a7d0558bd89c42f795dd42328f740831ca53bc25"
  integrity sha512-72fSenhMw2HZMTVHeCA9KCmpEIbzWiQsjN+BHcBbS9vr1mtt+vJjPdksIBNUmKAW8TFUDPJK5SUU3QhE9NEXDw==

computeds@^0.0.1:
  version "0.0.1"
  resolved "https://registry.yarnpkg.com/computeds/-/computeds-0.0.1.tgz#215b08a4ba3e08a11ff6eee5d6d8d7166a97ce2e"
  integrity sha512-7CEBgcMjVmitjYo5q8JTJVra6X5mQ20uTThdK+0kR7UEaDrAWEQcRiBtWJzga4eRpP6afNwwLsX2SET2JhVB1Q==

convert-source-map@^2.0.0:
  version "2.0.0"
  resolved "https://registry.yarnpkg.com/convert-source-map/-/convert-source-map-2.0.0.tgz#4b560f649fc4e918dd0ab75cf4961e8bc882d82a"
  integrity sha512-Kvp459HrV2FEJ1CAsi1Ku+MY3kasH19TFykTz2xWmMeq6bk2NU3XXvfJ+Q61m0xktWwt+1HSYf3JZsTms3aRJg==

csstype@^3.1.2:
  version "3.1.2"
  resolved "https://registry.yarnpkg.com/csstype/-/csstype-3.1.2.tgz#1d4bf9d572f11c14031f0436e1c10bc1f571f50b"
  integrity sha512-I7K1Uu0MBPzaFKg4nI5Q7Vs2t+3gWWW648spaF+Rg7pI9ds18Ugn+lvg4SHczUdKlHI5LWBXyqfS8+DufyBsgQ==

de-indent@^1.0.2:
  version "1.0.2"
  resolved "https://registry.yarnpkg.com/de-indent/-/de-indent-1.0.2.tgz#b2038e846dc33baa5796128d0804b455b8c1e21d"
  integrity sha512-e/1zu3xH5MQryN2zdVaF0OrdNLUbvWxzMbi+iNA6Bky7l1RoP8a2fIbRocyHclXt/arDrrR6lL3TqFD9pMQTsg==

debug@^4.1.0:
  version "4.3.4"
  resolved "https://registry.yarnpkg.com/debug/-/debug-4.3.4.tgz#1319f6579357f2338d3337d2cdd4914bb5dcc865"
  integrity sha512-PRWFHuSU3eDtQJPvnNY7Jcket1j0t5OuOsFzPPzsekD52Zl8qUfFIPEiswXqIvHWGVHOgX+7G/vCNNhehwxfkQ==
  dependencies:
    ms "2.1.2"

electron-to-chromium@^1.4.535:
  version "1.4.579"
  resolved "https://registry.yarnpkg.com/electron-to-chromium/-/electron-to-chromium-1.4.579.tgz#40ddec29bb5549908e82ccd652cf5da2e5900c23"
  integrity sha512-bJKvA+awBIzYR0xRced7PrQuRIwGQPpo6ZLP62GAShahU9fWpsNN2IP6BSP1BLDDSbxvBVRGAMWlvVVq3npmLA==

esbuild@^0.18.10:
  version "0.18.20"
  resolved "https://registry.yarnpkg.com/esbuild/-/esbuild-0.18.20.tgz#4709f5a34801b43b799ab7d6d82f7284a9b7a7a6"
  integrity sha512-ceqxoedUrcayh7Y7ZX6NdbbDzGROiyVBgC4PriJThBKSVPWnnFHZAkfI1lJT8QFkOwH4qOS2SJkS4wvpGl8BpA==
  optionalDependencies:
    "@esbuild/android-arm" "0.18.20"
    "@esbuild/android-arm64" "0.18.20"
    "@esbuild/android-x64" "0.18.20"
    "@esbuild/darwin-arm64" "0.18.20"
    "@esbuild/darwin-x64" "0.18.20"
    "@esbuild/freebsd-arm64" "0.18.20"
    "@esbuild/freebsd-x64" "0.18.20"
    "@esbuild/linux-arm" "0.18.20"
    "@esbuild/linux-arm64" "0.18.20"
    "@esbuild/linux-ia32" "0.18.20"
    "@esbuild/linux-loong64" "0.18.20"
    "@esbuild/linux-mips64el" "0.18.20"
    "@esbuild/linux-ppc64" "0.18.20"
    "@esbuild/linux-riscv64" "0.18.20"
    "@esbuild/linux-s390x" "0.18.20"
    "@esbuild/linux-x64" "0.18.20"
    "@esbuild/netbsd-x64" "0.18.20"
    "@esbuild/openbsd-x64" "0.18.20"
    "@esbuild/sunos-x64" "0.18.20"
    "@esbuild/win32-arm64" "0.18.20"
    "@esbuild/win32-ia32" "0.18.20"
    "@esbuild/win32-x64" "0.18.20"

escalade@^3.1.1:
  version "3.1.1"
  resolved "https://registry.yarnpkg.com/escalade/-/escalade-3.1.1.tgz#d8cfdc7000965c5a0174b4a82eaa5c0552742e40"
  integrity sha512-k0er2gUkLf8O0zKJiAhmkTnJlTvINGv7ygDNPbeIsX/TJjGJZHuh9B2UxbsaEkmlEo9MfhrSzmhIlhRlI2GXnw==

escape-string-regexp@^1.0.5:
  version "1.0.5"
  resolved "https://registry.yarnpkg.com/escape-string-regexp/-/escape-string-regexp-1.0.5.tgz#1b61c0562190a8dff6ae3bb2cf0200ca130b86d4"
  integrity sha512-vbRorB5FUQWvla16U8R/qgaFIya2qGzwDrNmCZuYKrbdSUMG6I1ZCGQRefkRVhuOkIGVne7BQ35DSfo1qvJqFg==

estree-walker@^2.0.2:
  version "2.0.2"
  resolved "https://registry.yarnpkg.com/estree-walker/-/estree-walker-2.0.2.tgz#52f010178c2a4c117a7757cfe942adb7d2da4cac"
  integrity sha512-Rfkk/Mp/DL7JVje3u18FxFujQlTNR2q6QfMSMB7AvCBx91NGj/ba3kCfza0f6dVDbw7YlRf/nDrn7pQrCCyQ/w==

fsevents@~2.3.2:
  version "2.3.3"
  resolved "https://registry.yarnpkg.com/fsevents/-/fsevents-2.3.3.tgz#cac6407785d03675a2a5e1a5305c697b347d90d6"
  integrity sha512-5xoDfX+fL7faATnagmWPpbFtwh/R77WmMMqqHGS65C3vvB0YHrgF+B1YmZ3441tMj5n63k0212XNoJwzlhffQw==

gensync@^1.0.0-beta.2:
  version "1.0.0-beta.2"
  resolved "https://registry.yarnpkg.com/gensync/-/gensync-1.0.0-beta.2.tgz#32a6ee76c3d7f52d46b2b1ae5d93fea8580a25e0"
  integrity sha512-3hN7NaskYvMDLQY55gnW3NQ+mesEAepTqlg+VEbj7zzqEMBVNhzcGYYeqFo/TlYz6eQiFcp1HcsCZO+nGgS8zg==

globals@^11.1.0:
  version "11.12.0"
  resolved "https://registry.yarnpkg.com/globals/-/globals-11.12.0.tgz#ab8795338868a0babd8525758018c2a7eb95c42e"
  integrity sha512-WOBp/EEGUiIsJSp7wcv/y6MO+lV9UoncWqxuFfm8eBwzWNgyfBd6Gz+IeKQ9jCmyhoH99g15M3T+QaVHFjizVA==

has-flag@^3.0.0:
  version "3.0.0"
  resolved "https://registry.yarnpkg.com/has-flag/-/has-flag-3.0.0.tgz#b5d454dc2199ae225699f3467e5a07f3b955bafd"
  integrity sha512-sKJf1+ceQBr4SMkvQnBDNDtf4TXpVhVGateu0t918bl30FnbE2m4vNLX+VWe/dpjlb+HugGYzW7uQXH98HPEYw==

he@^1.2.0:
  version "1.2.0"
  resolved "https://registry.yarnpkg.com/he/-/he-1.2.0.tgz#84ae65fa7eafb165fddb61566ae14baf05664f0f"
  integrity sha512-F/1DnUGPopORZi0ni+CvrCgHQ5FyEAHRLSApuYWMmrbSwoN2Mn/7k+Gl38gJnR7yyDZk6WLXwiGod1JOWNDKGw==

html-tags@^3.3.1:
  version "3.3.1"
  resolved "https://registry.yarnpkg.com/html-tags/-/html-tags-3.3.1.tgz#a04026a18c882e4bba8a01a3d39cfe465d40b5ce"
  integrity sha512-ztqyC3kLto0e9WbNp0aeP+M3kTt+nbaIveGmUxAtZa+8iFgKLUOD4YKM5j+f3QD89bra7UeumolZHKuOXnTmeQ==

js-tokens@^4.0.0:
  version "4.0.0"
  resolved "https://registry.yarnpkg.com/js-tokens/-/js-tokens-4.0.0.tgz#19203fb59991df98e3a287050d4647cdeaf32499"
  integrity sha512-RdJUflcE3cUzKiMqQgsCu06FPu9UdIJO0beYbPhHN4k6apgJtifcoCtT9bcxOpYBtpD2kCM6Sbzg4CausW/PKQ==

jsesc@^2.5.1:
  version "2.5.2"
  resolved "https://registry.yarnpkg.com/jsesc/-/jsesc-2.5.2.tgz#80564d2e483dacf6e8ef209650a67df3f0c283a4"
  integrity sha512-OYu7XEzjkCQ3C5Ps3QIZsQfNpqoJyZZA99wd9aWd05NCtC5pWOkShK2mkL6HXQR6/Cy2lbNdPlZBpuQHXE63gA==

json5@^2.2.3:
  version "2.2.3"
  resolved "https://registry.yarnpkg.com/json5/-/json5-2.2.3.tgz#78cd6f1a19bdc12b73db5ad0c61efd66c1e29283"
  integrity sha512-XmOWe7eyHYH14cLdVPoyg+GOH3rYX++KpzrylJwSW98t3Nk+U8XOl8FWKOgwtzdb8lXGf6zYwDUzeHMWfxasyg==

lru-cache@^5.1.1:
  version "5.1.1"
  resolved "https://registry.yarnpkg.com/lru-cache/-/lru-cache-5.1.1.tgz#1da27e6710271947695daf6848e847f01d84b920"
  integrity sha512-KpNARQA3Iwv+jTA0utUVVbrh+Jlrr1Fv0e56GGzAFOXN7dk/FviaDW8LHmK52DlcH4WP2n6gI8vN1aesBFgo9w==
  dependencies:
    yallist "^3.0.2"

lru-cache@^6.0.0:
  version "6.0.0"
  resolved "https://registry.yarnpkg.com/lru-cache/-/lru-cache-6.0.0.tgz#6d6fe6570ebd96aaf90fcad1dafa3b2566db3a94"
  integrity sha512-Jo6dJ04CmSjuznwJSS3pUeWmd/H0ffTlkXXgwZi+eq1UCmqQwCh+eLsYOYCwY991i2Fah4h1BEMCx4qThGbsiA==
  dependencies:
    yallist "^4.0.0"

magic-string@^0.30.5:
  version "0.30.5"
  resolved "https://registry.yarnpkg.com/magic-string/-/magic-string-0.30.5.tgz#1994d980bd1c8835dc6e78db7cbd4ae4f24746f9"
  integrity sha512-7xlpfBaQaP/T6Vh8MO/EqXSW5En6INHEvEXQiuff7Gku0PWjU3uf6w/j9o7O+SpB5fOAkrI5HeoNgwjEO0pFsA==
  dependencies:
    "@jridgewell/sourcemap-codec" "^1.4.15"

minimatch@^9.0.3:
  version "9.0.3"
  resolved "https://registry.yarnpkg.com/minimatch/-/minimatch-9.0.3.tgz#a6e00c3de44c3a542bfaae70abfc22420a6da825"
  integrity sha512-RHiac9mvaRw0x3AYRgDC1CxAP7HTcNrrECeA8YYJeWnpo+2Q5CegtZjaotWTWxDG3UeGA1coE05iH1mPjT/2mg==
  dependencies:
    brace-expansion "^2.0.1"

ms@2.1.2:
  version "2.1.2"
  resolved "https://registry.yarnpkg.com/ms/-/ms-2.1.2.tgz#d09d1f357b443f493382a8eb3ccd183872ae6009"
  integrity sha512-sGkPx+VjMtmA6MX27oA4FBFELFCZZ4S4XqeGOXCv68tT+jb3vk/RyaKWP0PTKyWtmLSM0b+adUTEvbs1PEaH2w==

muggle-string@^0.3.1:
  version "0.3.1"
  resolved "https://registry.yarnpkg.com/muggle-string/-/muggle-string-0.3.1.tgz#e524312eb1728c63dd0b2ac49e3282e6ed85963a"
  integrity sha512-ckmWDJjphvd/FvZawgygcUeQCxzvohjFO5RxTjj4eq8kw359gFF3E1brjfI+viLMxss5JrHTDRHZvu2/tuy0Qg==

nanoid@^3.3.6:
  version "3.3.7"
  resolved "https://registry.yarnpkg.com/nanoid/-/nanoid-3.3.7.tgz#d0c301a691bc8d54efa0a2226ccf3fe2fd656bd8"
  integrity sha512-eSRppjcPIatRIMC1U6UngP8XFcz8MQWGQdt1MTBQ7NaAmvXDfvNxbvWV3x2y6CdEUciCSsDHDQZbhYaB8QEo2g==

node-releases@^2.0.13:
  version "2.0.13"
  resolved "https://registry.yarnpkg.com/node-releases/-/node-releases-2.0.13.tgz#d5ed1627c23e3461e819b02e57b75e4899b1c81d"
  integrity sha512-uYr7J37ae/ORWdZeQ1xxMJe3NtdmqMC/JZK+geofDrkLUApKRHPd18/TxtBOJ4A0/+uUIliorNrfYV6s1b02eQ==

path-browserify@^1.0.1:
  version "1.0.1"
  resolved "https://registry.yarnpkg.com/path-browserify/-/path-browserify-1.0.1.tgz#d98454a9c3753d5790860f16f68867b9e46be1fd"
  integrity sha512-b7uo2UCUOYZcnF/3ID0lulOJi/bafxa1xPe7ZPsammBSpjSWQkjNxlt635YGS2MiR9GjvuXCtz2emr3jbsz98g==

picocolors@^1.0.0:
  version "1.0.0"
  resolved "https://registry.yarnpkg.com/picocolors/-/picocolors-1.0.0.tgz#cb5bdc74ff3f51892236eaf79d68bc44564ab81c"
  integrity sha512-1fygroTLlHu66zi26VoTDv8yRgm0Fccecssto+MhsZ0D/DGW2sm8E8AjW7NU5VVTRt5GxbeZ5qBuJr+HyLYkjQ==

postcss@^8.4.27, postcss@^8.4.31:
  version "8.4.31"
  resolved "https://registry.yarnpkg.com/postcss/-/postcss-8.4.31.tgz#92b451050a9f914da6755af352bdc0192508656d"
  integrity sha512-PS08Iboia9mts/2ygV3eLpY5ghnUcfLV/EXTOW1E2qYxJKGGBUtNjN76FYHnMs36RmARn41bC0AZmn+rR0OVpQ==
  dependencies:
    nanoid "^3.3.6"
    picocolors "^1.0.0"
    source-map-js "^1.0.2"

rollup@^3.27.1:
  version "3.29.4"
  resolved "https://registry.yarnpkg.com/rollup/-/rollup-3.29.4.tgz#4d70c0f9834146df8705bfb69a9a19c9e1109981"
  integrity sha512-oWzmBZwvYrU0iJHtDmhsm662rC15FRXmcjCk1xD771dFDx5jJ02ufAQQTn0etB2emNk4J9EZg/yWKpsn9BWGRw==
  optionalDependencies:
    fsevents "~2.3.2"

semver@^6.3.1:
  version "6.3.1"
  resolved "https://registry.yarnpkg.com/semver/-/semver-6.3.1.tgz#556d2ef8689146e46dcea4bfdd095f3434dffcb4"
  integrity sha512-BR7VvDCVHO+q2xBEWskxS6DJE1qRnb7DxzUrogb71CWoSficBxYsiAGd+Kl0mmq/MprG9yArRkyrQxTO6XjMzA==

semver@^7.5.4:
  version "7.5.4"
  resolved "https://registry.yarnpkg.com/semver/-/semver-7.5.4.tgz#483986ec4ed38e1c6c48c34894a9182dbff68a6e"
  integrity sha512-1bCSESV6Pv+i21Hvpxp3Dx+pSD8lIPt8uVjRrxAUt/nbswYc+tK6Y2btiULjd4+fnq15PX+nqQDC7Oft7WkwcA==
  dependencies:
    lru-cache "^6.0.0"

source-map-js@^1.0.2:
  version "1.0.2"
  resolved "https://registry.yarnpkg.com/source-map-js/-/source-map-js-1.0.2.tgz#adbc361d9c62df380125e7f161f71c826f1e490c"
  integrity sha512-R0XvVJ9WusLiqTCEiGCmICCMplcCkIwwR11mOSD9CR5u+IXYdiseeEuXCVAjS54zqwkLcPNnmU4OeJ6tUrWhDw==

supports-color@^5.3.0:
  version "5.5.0"
  resolved "https://registry.yarnpkg.com/supports-color/-/supports-color-5.5.0.tgz#e2e69a44ac8772f78a1ec0b35b689df6530efc8f"
  integrity sha512-QjVjwdXIt408MIiAqCX4oUKsgU2EqAGzs2Ppkm4aQYbjm+ZEWEcW4SfFNTr4uMNZma0ey4f5lgLrkB0aX0QMow==
  dependencies:
    has-flag "^3.0.0"

svg-tags@^1.0.0:
  version "1.0.0"
  resolved "https://registry.yarnpkg.com/svg-tags/-/svg-tags-1.0.0.tgz#58f71cee3bd519b59d4b2a843b6c7de64ac04764"
  integrity sha512-ovssysQTa+luh7A5Weu3Rta6FJlFBBbInjOh722LIt6klpU2/HtdUbszju/G4devcvk8PGt7FCLv5wftu3THUA==

to-fast-properties@^2.0.0:
  version "2.0.0"
  resolved "https://registry.yarnpkg.com/to-fast-properties/-/to-fast-properties-2.0.0.tgz#dc5e698cbd079265bc73e0377681a4e4e83f616e"
  integrity sha512-/OaKK0xYrs3DmxRYqL/yDc+FxFUVYhDlXMhRmv3z915w2HF1tnN1omB354j8VUGO/hbRzyD6Y3sA7v7GS/ceog==

typescript@^4.9.5:
  version "4.9.5"
  resolved "https://registry.yarnpkg.com/typescript/-/typescript-4.9.5.tgz#095979f9bcc0d09da324d58d03ce8f8374cbe65a"
  integrity sha512-1FXk9E2Hm+QzZQ7z+McJiHL4NW1F2EzMu9Nq9i3zAaGqibafqYwCVU6WyWAuyQRRzOlxou8xZSyXLEN8oKj24g==

update-browserslist-db@^1.0.13:
  version "1.0.13"
  resolved "https://registry.yarnpkg.com/update-browserslist-db/-/update-browserslist-db-1.0.13.tgz#3c5e4f5c083661bd38ef64b6328c26ed6c8248c4"
  integrity sha512-xebP81SNcPuNpPP3uzeW1NYXxI3rxyJzF3pD6sH4jE7o/IX+WtSpwnVU+qIsDPyk0d3hmFQ7mjqc6AtV604hbg==
  dependencies:
    escalade "^3.1.1"
    picocolors "^1.0.0"

vite@^4.4.11:
  version "4.5.0"
  resolved "https://registry.yarnpkg.com/vite/-/vite-4.5.0.tgz#ec406295b4167ac3bc23e26f9c8ff559287cff26"
  integrity sha512-ulr8rNLA6rkyFAlVWw2q5YJ91v098AFQ2R0PRFwPzREXOUJQPtFUG0t+/ZikhaOCDqFoDhN6/v8Sq0o4araFAw==
  dependencies:
    esbuild "^0.18.10"
    postcss "^8.4.27"
    rollup "^3.27.1"
  optionalDependencies:
    fsevents "~2.3.2"

vue-template-compiler@^2.7.14:
  version "2.7.15"
  resolved "https://registry.yarnpkg.com/vue-template-compiler/-/vue-template-compiler-2.7.15.tgz#ec88ba8ceafe0f17a528b89c57e01e02da92b0de"
  integrity sha512-yQxjxMptBL7UAog00O8sANud99C6wJF+7kgbcwqkvA38vCGF7HWE66w0ZFnS/kX5gSoJr/PQ4/oS3Ne2pW37Og==
  dependencies:
    de-indent "^1.0.2"
    he "^1.2.0"

vue-tsc@^1.8.19:
  version "1.8.22"
  resolved "https://registry.yarnpkg.com/vue-tsc/-/vue-tsc-1.8.22.tgz#421e73c38b50802a6716ca32ed87b5970c867323"
  integrity sha512-j9P4kHtW6eEE08aS5McFZE/ivmipXy0JzrnTgbomfABMaVKx37kNBw//irL3+LlE3kOo63XpnRigyPC3w7+z+A==
  dependencies:
    "@volar/typescript" "~1.10.5"
    "@vue/language-core" "1.8.22"
    semver "^7.5.4"

vue@^3.2.33:
  version "3.3.8"
  resolved "https://registry.yarnpkg.com/vue/-/vue-3.3.8.tgz#532ff071af24f6a69e5ecc53a66858a9ee874ffc"
  integrity sha512-5VSX/3DabBikOXMsxzlW8JyfeLKlG9mzqnWgLQLty88vdZL7ZJgrdgBOmrArwxiLtmS+lNNpPcBYqrhE6TQW5w==
  dependencies:
    "@vue/compiler-dom" "3.3.8"
    "@vue/compiler-sfc" "3.3.8"
    "@vue/runtime-dom" "3.3.8"
    "@vue/server-renderer" "3.3.8"
    "@vue/shared" "3.3.8"

yallist@^3.0.2:
  version "3.1.1"
  resolved "https://registry.yarnpkg.com/yallist/-/yallist-3.1.1.tgz#dbb7daf9bfd8bac9ab45ebf602b8cbad0d5d08fd"
  integrity sha512-a4UGQaWPH59mOXUYnAG2ewncQS4i4F43Tv3JoAM+s2VDAmS9NsK8GpDMLrCHPksFT7h3K6TOoUNn2pb7RoXx4g==

yallist@^4.0.0:
  version "4.0.0"
  resolved "https://registry.yarnpkg.com/yallist/-/yallist-4.0.0.tgz#9bb92790d9c0effec63be73519e11a35019a3a72"
  integrity sha512-3wdGidZyq5PB084XLES5TpOSRA3wjXAlIWMhum2kRcv/41Sn2emQ0dycQW4uZXLejwKvg6EsvbdlVL+FYEct7A==
