# THIS IS AN AUTOGENERATED FILE. DO NOT EDIT THIS FILE DIRECTLY.
# yarn lockfile v1


"@rollup/plugin-replace@^4.0.0":
  version "4.0.0"
  resolved "http://artprod.dev.bloomberg.com/artifactory/api/npm/npm-repos/@rollup/plugin-replace/-/plugin-replace-4.0.0.tgz#e34c457d6a285f0213359740b43f39d969b38a67"
  integrity sha1-40xFfWooXwITNZdAtD852Wmzimc=
  dependencies:
    "@rollup/pluginutils" "^3.1.0"
    magic-string "^0.25.7"

"@rollup/pluginutils@^3.1.0":
  version "3.1.0"
  resolved "http://artprod.dev.bloomberg.com/artifactory/api/npm/npm-repos/@rollup/pluginutils/-/pluginutils-3.1.0.tgz#706b4524ee6dc8b103b3c995533e5ad680c02b9b"
  integrity sha1-cGtFJO5tyLEDs8mVUz5a1oDAK5s=
  dependencies:
    "@types/estree" "0.0.39"
    estree-walker "^1.0.1"
    picomatch "^2.2.2"

"@tanstack/react-table@8.0.0":
  version "8.0.0-beta.9"
  resolved "http://artprod.dev.bloomberg.com/artifactory/api/npm/npm-repos/@tanstack/react-table/-/react-table-8.0.0-beta.9.tgz#cdfe51d40069cfdc50ae19d3e7bf09141f516d00"
  integrity sha1-zf5R1ABpz9xQrhnT578JFB9RbQA=
  dependencies:
    "@tanstack/table-core" "8.0.0-beta.9"

"@tanstack/table-core@8.0.0-beta.9":
  version "8.0.0-beta.9"
  resolved "http://artprod.dev.bloomberg.com/artifactory/api/npm/npm-repos/@tanstack/table-core/-/table-core-8.0.0-beta.9.tgz#59ebb34807918ff35f7ba81d513a403b6e6cdc0b"
  integrity sha1-WeuzSAeRj/Nfe6gdUTpAO25s3As=

"@types/estree@0.0.39":
  version "0.0.39"
  resolved "http://artprod.dev.bloomberg.com/artifactory/api/npm/npm-repos/@types/estree/-/estree-0.0.39.tgz#e177e699ee1b8c22d23174caaa7422644389509f"
  integrity sha1-4Xfmme4bjCLSMXTKqnQiZEOJUJ8=

esbuild-android-64@0.14.47:
  version "0.14.47"
  resolved "http://artprod.dev.bloomberg.com/artifactory/api/npm/npm-repos/esbuild-android-64/-/esbuild-android-64-0.14.47.tgz#ef95b42c67bcf4268c869153fa3ad1466c4cea6b"
  integrity sha1-75W0LGe89CaMhpFT+jrRRmxM6ms=

esbuild-android-arm64@0.14.47:
  version "0.14.47"
  resolved "http://artprod.dev.bloomberg.com/artifactory/api/npm/npm-repos/esbuild-android-arm64/-/esbuild-android-arm64-0.14.47.tgz#4ebd7ce9fb250b4695faa3ee46fd3b0754ecd9e6"
  integrity sha1-Tr186fslC0aV+qPuRv07B1Ts2eY=

esbuild-darwin-64@0.14.47:
  version "0.14.47"
  resolved "http://artprod.dev.bloomberg.com/artifactory/api/npm/npm-repos/esbuild-darwin-64/-/esbuild-darwin-64-0.14.47.tgz#e0da6c244f497192f951807f003f6a423ed23188"
  integrity sha1-4NpsJE9JcZL5UYB/AD9qQj7SMYg=

esbuild-darwin-arm64@0.14.47:
  version "0.14.47"
  resolved "http://artprod.dev.bloomberg.com/artifactory/api/npm/npm-repos/esbuild-darwin-arm64/-/esbuild-darwin-arm64-0.14.47.tgz#cd40fd49a672fca581ed202834239dfe540a9028"
  integrity sha1-zUD9SaZy/KWB7SAoNCOd/lQKkCg=

esbuild-freebsd-64@0.14.47:
  version "0.14.47"
  resolved "http://artprod.dev.bloomberg.com/artifactory/api/npm/npm-repos/esbuild-freebsd-64/-/esbuild-freebsd-64-0.14.47.tgz#8da6a14c095b29c01fc8087a16cb7906debc2d67"
  integrity sha1-jaahTAlbKcAfyAh6Fst5Bt68LWc=

esbuild-freebsd-arm64@0.14.47:
  version "0.14.47"
  resolved "http://artprod.dev.bloomberg.com/artifactory/api/npm/npm-repos/esbuild-freebsd-arm64/-/esbuild-freebsd-arm64-0.14.47.tgz#ad31f9c92817ff8f33fd253af7ab5122dc1b83f6"
  integrity sha1-rTH5ySgX/48z/SU696tRItwbg/Y=

esbuild-linux-32@0.14.47:
  version "0.14.47"
  resolved "http://artprod.dev.bloomberg.com/artifactory/api/npm/npm-repos/esbuild-linux-32/-/esbuild-linux-32-0.14.47.tgz#de085e4db2e692ea30c71208ccc23fdcf5196c58"
  integrity sha1-3gheTbLmkuowxxIIzMI/3PUZbFg=

esbuild-linux-64@0.14.47:
  version "0.14.47"
  resolved "http://artprod.dev.bloomberg.com/artifactory/api/npm/npm-repos/esbuild-linux-64/-/esbuild-linux-64-0.14.47.tgz#2a9321bbccb01f01b04cebfcfccbabeba3658ba1"
  integrity sha1-KpMhu8ywHwGwTOv8/Mur66Nli6E=

esbuild-linux-arm64@0.14.47:
  version "0.14.47"
  resolved "http://artprod.dev.bloomberg.com/artifactory/api/npm/npm-repos/esbuild-linux-arm64/-/esbuild-linux-arm64-0.14.47.tgz#b9da7b6fc4b0ca7a13363a0c5b7bb927e4bc535a"
  integrity sha1-udp7b8SwynoTNjoMW3u5J+S8U1o=

esbuild-linux-arm@0.14.47:
  version "0.14.47"
  resolved "http://artprod.dev.bloomberg.com/artifactory/api/npm/npm-repos/esbuild-linux-arm/-/esbuild-linux-arm-0.14.47.tgz#56fec2a09b9561c337059d4af53625142aded853"
  integrity sha1-Vv7CoJuVYcM3BZ1K9TYlFCre2FM=

esbuild-linux-mips64le@0.14.47:
  version "0.14.47"
  resolved "http://artprod.dev.bloomberg.com/artifactory/api/npm/npm-repos/esbuild-linux-mips64le/-/esbuild-linux-mips64le-0.14.47.tgz#9db21561f8f22ed79ef2aedb7bbef082b46cf823"
  integrity sha1-nbIVYfjyLtee8q7be77wgrRs+CM=

esbuild-linux-ppc64le@0.14.47:
  version "0.14.47"
  resolved "http://artprod.dev.bloomberg.com/artifactory/api/npm/npm-repos/esbuild-linux-ppc64le/-/esbuild-linux-ppc64le-0.14.47.tgz#dc3a3da321222b11e96e50efafec9d2de408198b"
  integrity sha1-3Do9oyEiKxHpblDvr+ydLeQIGYs=

esbuild-linux-riscv64@0.14.47:
  version "0.14.47"
  resolved "http://artprod.dev.bloomberg.com/artifactory/api/npm/npm-repos/esbuild-linux-riscv64/-/esbuild-linux-riscv64-0.14.47.tgz#9bd6dcd3dca6c0357084ecd06e1d2d4bf105335f"
  integrity sha1-m9bc09ymwDVwhOzQbh0tS/EFM18=

esbuild-linux-s390x@0.14.47:
  version "0.14.47"
  resolved "http://artprod.dev.bloomberg.com/artifactory/api/npm/npm-repos/esbuild-linux-s390x/-/esbuild-linux-s390x-0.14.47.tgz#a458af939b52f2cd32fc561410d441a51f69d41f"
  integrity sha1-pFivk5tS8s0y/FYUENRBpR9p1B8=

esbuild-netbsd-64@0.14.47:
  version "0.14.47"
  resolved "http://artprod.dev.bloomberg.com/artifactory/api/npm/npm-repos/esbuild-netbsd-64/-/esbuild-netbsd-64-0.14.47.tgz#6388e785d7e7e4420cb01348d7483ab511b16aa8"
  integrity sha1-Y4jnhdfn5EIMsBNI10g6tRGxaqg=

esbuild-openbsd-64@0.14.47:
  version "0.14.47"
  resolved "http://artprod.dev.bloomberg.com/artifactory/api/npm/npm-repos/esbuild-openbsd-64/-/esbuild-openbsd-64-0.14.47.tgz#309af806db561aa886c445344d1aacab850dbdc5"
  integrity sha1-MJr4BttWGqiGxEU0TRqsq4UNvcU=

esbuild-sunos-64@0.14.47:
  version "0.14.47"
  resolved "http://artprod.dev.bloomberg.com/artifactory/api/npm/npm-repos/esbuild-sunos-64/-/esbuild-sunos-64-0.14.47.tgz#3f19612dcdb89ba6c65283a7ff6e16f8afbf8aaa"
  integrity sha1-PxlhLc24m6bGUoOn/24W+K+/iqo=

esbuild-windows-32@0.14.47:
  version "0.14.47"
  resolved "http://artprod.dev.bloomberg.com/artifactory/api/npm/npm-repos/esbuild-windows-32/-/esbuild-windows-32-0.14.47.tgz#a92d279c8458d5dc319abcfeb30aa49e8f2e6f7f"
  integrity sha1-qS0nnIRY1dwxmrz+swqkno8ub38=

esbuild-windows-64@0.14.47:
  version "0.14.47"
  resolved "http://artprod.dev.bloomberg.com/artifactory/api/npm/npm-repos/esbuild-windows-64/-/esbuild-windows-64-0.14.47.tgz#2564c3fcf0c23d701edb71af8c52d3be4cec5f8a"
  integrity sha1-JWTD/PDCPXAe23GvjFLTvkzsX4o=

esbuild-windows-arm64@0.14.47:
  version "0.14.47"
  resolved "http://artprod.dev.bloomberg.com/artifactory/api/npm/npm-repos/esbuild-windows-arm64/-/esbuild-windows-arm64-0.14.47.tgz#86d9db1a22d83360f726ac5fba41c2f625db6878"
  integrity sha1-htnbGiLYM2D3JqxfukHC9iXbaHg=

esbuild@^0.14.27:
  version "0.14.47"
  resolved "http://artprod.dev.bloomberg.com/artifactory/api/npm/npm-repos/esbuild/-/esbuild-0.14.47.tgz#0d6415f6bd8eb9e73a58f7f9ae04c5276cda0e4d"
  integrity sha1-DWQV9r2Ouec6WPf5rgTFJ2zaDk0=
  optionalDependencies:
    esbuild-android-64 "0.14.47"
    esbuild-android-arm64 "0.14.47"
    esbuild-darwin-64 "0.14.47"
    esbuild-darwin-arm64 "0.14.47"
    esbuild-freebsd-64 "0.14.47"
    esbuild-freebsd-arm64 "0.14.47"
    esbuild-linux-32 "0.14.47"
    esbuild-linux-64 "0.14.47"
    esbuild-linux-arm "0.14.47"
    esbuild-linux-arm64 "0.14.47"
    esbuild-linux-mips64le "0.14.47"
    esbuild-linux-ppc64le "0.14.47"
    esbuild-linux-riscv64 "0.14.47"
    esbuild-linux-s390x "0.14.47"
    esbuild-netbsd-64 "0.14.47"
    esbuild-openbsd-64 "0.14.47"
    esbuild-sunos-64 "0.14.47"
    esbuild-windows-32 "0.14.47"
    esbuild-windows-64 "0.14.47"
    esbuild-windows-arm64 "0.14.47"

estree-walker@^1.0.1:
  version "1.0.1"
  resolved "http://artprod.dev.bloomberg.com/artifactory/api/npm/npm-repos/estree-walker/-/estree-walker-1.0.1.tgz#31bc5d612c96b704106b477e6dd5d8aa138cb700"
  integrity sha1-MbxdYSyWtwQQa0d+bdXYqhOMtwA=

fsevents@~2.3.2:
  version "2.3.2"
  resolved "http://artprod.dev.bloomberg.com/artifactory/api/npm/npm-repos/fsevents/-/fsevents-2.3.2.tgz#8a526f78b8fdf4623b709e0b975c52c24c02fd1a"
  integrity sha1-ilJveLj99GI7cJ4Ll1xSwkwC/Ro=

function-bind@^1.1.1:
  version "1.1.1"
  resolved "http://artprod.dev.bloomberg.com/artifactory/api/npm/npm-repos/function-bind/-/function-bind-1.1.1.tgz#a56899d3ea3c9bab874bb9773b7c5ede92f4895d"
  integrity sha1-pWiZ0+o8m6uHS7l3O3xe3pL0iV0=

has@^1.0.3:
  version "1.0.3"
  resolved "http://artprod.dev.bloomberg.com/artifactory/api/npm/npm-repos/has/-/has-1.0.3.tgz#722d7cbfc1f6aa8241f16dd814e011e1f41e8796"
  integrity sha1-ci18v8H2qoJB8W3YFOAR4fQeh5Y=
  dependencies:
    function-bind "^1.1.1"

is-core-module@^2.9.0:
  version "2.9.0"
  resolved "http://artprod.dev.bloomberg.com/artifactory/api/npm/npm-repos/is-core-module/-/is-core-module-2.9.0.tgz#e1c34429cd51c6dd9e09e0799e396e27b19a9c69"
  integrity sha1-4cNEKc1Rxt2eCeB5njluJ7GanGk=
  dependencies:
    has "^1.0.3"

"js-tokens@^3.0.0 || ^4.0.0":
  version "4.0.0"
  resolved "http://artprod.dev.bloomberg.com/artifactory/api/npm/npm-repos/js-tokens/-/js-tokens-4.0.0.tgz#19203fb59991df98e3a287050d4647cdeaf32499"
  integrity sha1-GSA/tZmR35jjoocFDUZHzerzJJk=

loose-envify@^1.1.0:
  version "1.4.0"
  resolved "http://artprod.dev.bloomberg.com/artifactory/api/npm/npm-repos/loose-envify/-/loose-envify-1.4.0.tgz#71ee51fa7be4caec1a63839f7e682d8132d30caf"
  integrity sha1-ce5R+nvkyuwaY4OffmgtgTLTDK8=
  dependencies:
    js-tokens "^3.0.0 || ^4.0.0"

magic-string@^0.25.7:
  version "0.25.9"
  resolved "http://artprod.dev.bloomberg.com/artifactory/api/npm/npm-repos/magic-string/-/magic-string-0.25.9.tgz#de7f9faf91ef8a1c91d02c2e5314c8277dbcdd1c"
  integrity sha1-3n+fr5HvihyR0CwuUxTIJ3283Rw=
  dependencies:
    sourcemap-codec "^1.4.8"

nanoid@^3.3.4:
  version "3.3.4"
  resolved "http://artprod.dev.bloomberg.com/artifactory/api/npm/npm-repos/nanoid/-/nanoid-3.3.4.tgz#730b67e3cd09e2deacf03c027c81c9d9dbc5e8ab"
  integrity sha1-cwtn480J4t6s8DwCfIHJ2dvF6Ks=

path-parse@^1.0.7:
  version "1.0.7"
  resolved "http://artprod.dev.bloomberg.com/artifactory/api/npm/npm-repos/path-parse/-/path-parse-1.0.7.tgz#fbc114b60ca42b30d9daf5858e4bd68bbedb6735"
  integrity sha1-+8EUtgykKzDZ2vWFjkvWi77bZzU=

picocolors@^1.0.0:
  version "1.0.0"
  resolved "http://artprod.dev.bloomberg.com/artifactory/api/npm/npm-repos/picocolors/-/picocolors-1.0.0.tgz#cb5bdc74ff3f51892236eaf79d68bc44564ab81c"
  integrity sha1-y1vcdP8/UYkiNur3nWi8RFZKuBw=

picomatch@^2.2.2:
  version "2.3.1"
  resolved "http://artprod.dev.bloomberg.com/artifactory/api/npm/npm-repos/picomatch/-/picomatch-2.3.1.tgz#3ba3833733646d9d3e4995946c1365a67fb07a42"
  integrity sha1-O6ODNzNkbZ0+SZWUbBNlpn+wekI=

postcss@^8.4.13:
  version "8.4.14"
  resolved "http://artprod.dev.bloomberg.com/artifactory/api/npm/npm-repos/postcss/-/postcss-8.4.14.tgz#ee9274d5622b4858c1007a74d76e42e56fd21caf"
  integrity sha1-7pJ01WIrSFjBAHp0125C5W/SHK8=
  dependencies:
    nanoid "^3.3.4"
    picocolors "^1.0.0"
    source-map-js "^1.0.2"

react-dom@^18.0.2:
  version "18.2.0"
  resolved "http://artprod.dev.bloomberg.com/artifactory/api/npm/npm-repos/react-dom/-/react-dom-18.2.0.tgz#22aaf38708db2674ed9ada224ca4aa708d821e3d"
  integrity sha1-IqrzhwjbJnTtmtoiTKSqcI2CHj0=
  dependencies:
    loose-envify "^1.1.0"
    scheduler "^0.23.0"

react@^18.0.2:
  version "18.2.0"
  resolved "http://artprod.dev.bloomberg.com/artifactory/api/npm/npm-repos/react/-/react-18.2.0.tgz#555bd98592883255fa00de14f1151a917b5d77d5"
  integrity sha1-VVvZhZKIMlX6AN4U8RUakXtdd9U=
  dependencies:
    loose-envify "^1.1.0"

resolve@^1.22.0:
  version "1.22.1"
  resolved "http://artprod.dev.bloomberg.com/artifactory/api/npm/npm-repos/resolve/-/resolve-1.22.1.tgz#27cb2ebb53f91abb49470a928bba7558066ac177"
  integrity sha1-J8suu1P5GrtJRwqSi7p1WAZqwXc=
  dependencies:
    is-core-module "^2.9.0"
    path-parse "^1.0.7"
    supports-preserve-symlinks-flag "^1.0.0"

rollup@^2.59.0:
  version "2.75.7"
  resolved "http://artprod.dev.bloomberg.com/artifactory/api/npm/npm-repos/rollup/-/rollup-2.75.7.tgz#221ff11887ae271e37dcc649ba32ce1590aaa0b9"
  integrity sha1-Ih/xGIeuJx433MZJujLOFZCqoLk=
  optionalDependencies:
    fsevents "~2.3.2"

scheduler@^0.23.0:
  version "0.23.0"
  resolved "http://artprod.dev.bloomberg.com/artifactory/api/npm/npm-repos/scheduler/-/scheduler-0.23.0.tgz#ba8041afc3d30eb206a487b6b384002e4e61fdfe"
  integrity sha1-uoBBr8PTDrIGpIe2s4QALk5h/f4=
  dependencies:
    loose-envify "^1.1.0"

source-map-js@^1.0.2:
  version "1.0.2"
  resolved "http://artprod.dev.bloomberg.com/artifactory/api/npm/npm-repos/source-map-js/-/source-map-js-1.0.2.tgz#adbc361d9c62df380125e7f161f71c826f1e490c"
  integrity sha1-rbw2HZxi3zgBJefxYfccgm8eSQw=

sourcemap-codec@^1.4.8:
  version "1.4.8"
  resolved "http://artprod.dev.bloomberg.com/artifactory/api/npm/npm-repos/sourcemap-codec/-/sourcemap-codec-1.4.8.tgz#ea804bd94857402e6992d05a38ef1ae35a9ab4c4"
  integrity sha1-6oBL2UhXQC5pktBaOO8a41qatMQ=

supports-preserve-symlinks-flag@^1.0.0:
  version "1.0.0"
  resolved "http://artprod.dev.bloomberg.com/artifactory/api/npm/npm-repos/supports-preserve-symlinks-flag/-/supports-preserve-symlinks-flag-1.0.0.tgz#6eda4bd344a3c94aea376d4cc31bc77311039e09"
  integrity sha1-btpL00SjyUrqN21MwxvHcxEDngk=

vite@^2.8.6:
  version "2.9.12"
  resolved "http://artprod.dev.bloomberg.com/artifactory/api/npm/npm-repos/vite/-/vite-2.9.12.tgz#b1d636b0a8ac636afe9d83e3792d4895509a941b"
  integrity sha1-sdY2sKisY2r+nYPjeS1IlVCalBs=
  dependencies:
    esbuild "^0.14.27"
    postcss "^8.4.13"
    resolve "^1.22.0"
    rollup "^2.59.0"
  optionalDependencies:
    fsevents "~2.3.2"
