# THIS IS AN AUTOGENERATED FILE. DO NOT EDIT THIS FILE DIRECTLY.
# yarn lockfile v1


"@tanstack/table-core@8.0.0-alpha.30":
  version "8.0.0-alpha.30"
  resolved "https://registry.yarnpkg.com/@tanstack/table-core/-/table-core-8.0.0-alpha.30.tgz#cec207bc869af82cfcbe314ed840a2756a17e900"
  integrity sha512-oz15xICZ7zwQvt/KUUCrvpKt569c5/f83p19CDKvFCcyXC1Yls/WfdSgodqYAuHEgQER0HCn8UDXZyMIcnrTkg==
