# THIS IS AN AUTOGENERATED FILE. DO NOT EDIT THIS FILE DIRECTLY.
# yarn lockfile v1


"@types/use-sync-external-store@^0.0.3":
  version "0.0.3"
  resolved "https://registry.yarnpkg.com/@types/use-sync-external-store/-/use-sync-external-store-0.0.3.tgz#b6725d5f4af24ace33b36fafd295136e75509f43"
  integrity sha512-EwmlvuaxPNej9+T4v5AuBPJa2x2UOJVdjCtDHgcDqitUeOtjnJKJ+apYjVcAoBEMjKW1VVFGZLUb5+qqa09XFA==

use-sync-external-store@^1.0.0-rc.0:
  version "1.0.0-rc.0"
  resolved "https://registry.yarnpkg.com/use-sync-external-store/-/use-sync-external-store-1.0.0-rc.0.tgz#0d8fb7cbc31ddfb3ee01225f6b0a700cf59c449b"
  integrity sha512-0U9Xlc2QDFzSGMB0DvcJQL0+DIdxDPJC7mnZlYFbl7wrSrPMcs89X5TVkNB6Dzg618m8lZop+U+J6ow3vq9RAQ==
